{
    "version": 3,
    "terraform_version": "0.10.7",
    "serial": 2,
    "lineage": "883808fc-775d-4a49-ab9c-0f693f0e0299",
    "modules": [
        {
            "path": [
                "root"
            ],
            "outputs": {},
            "resources": {
                "data.terraform_remote_state.common": {
                    "type": "terraform_remote_state",
                    "depends_on": [],
                    "primary": {
                        "id": "2018-10-07 18:59:13.505902967 +0000 UTC",
                        "attributes": {
                            "backend": "local",
                            "config.%": "1",
                            "config.path": "/Users/yellottyellott/Code/yellottyellott.com/terraform/dev/../common/terraform.tfstate",
                            "environment": "default",
                            "id": "2018-10-07 18:59:13.505902967 +0000 UTC",
                            "root_zone": "yellottyellott",
                            "root_zone_name_servers.#": "4",
                            "root_zone_name_servers.0": "ns-cloud-e1.googledomains.com.",
                            "root_zone_name_servers.1": "ns-cloud-e2.googledomains.com.",
                            "root_zone_name_servers.2": "ns-cloud-e3.googledomains.com.",
                            "root_zone_name_servers.3": "ns-cloud-e4.googledomains.com."
                        },
                        "meta": {},
                        "tainted": false
                    },
                    "deposed": [],
                    "provider": ""
                },
                "google_dns_record_set.dev": {
                    "type": "google_dns_record_set",
                    "depends_on": [
                        "data.terraform_remote_state.common"
                    ],
                    "primary": {
                        "id": "yellottyellott/dev.yellottyellott.com./A",
                        "attributes": {
                            "id": "yellottyellott/dev.yellottyellott.com./A",
                            "managed_zone": "yellottyellott",
                            "name": "dev.yellottyellott.com.",
                            "project": "yellottyellott-com",
                            "rrdatas.#": "1",
                            "rrdatas.0": "10.1.1.111",
                            "ttl": "15",
                            "type": "A"
                        },
                        "meta": {},
                        "tainted": false
                    },
                    "deposed": [],
                    "provider": ""
                }
            },
            "depends_on": []
        }
    ]
}
